
Microsoft Visual Studio Solution File, Format Version 12.00
# Visual Studio 15
VisualStudioVersion = 15.0.26730.3
MinimumVisualStudioVersion = 10.0.40219.1
Project("{E24C65DC-7377-472B-9ABA-BC803B73C61A}") = "SRKElectronics", ".", "{4D67E52F-760D-4EC5-A4A6-2B79B2F73E0D}"
	ProjectSection(WebsiteProperties) = preProject
		TargetFrameworkMoniker = ".NETFramework,Version%3Dv4.5"
		Debug.AspNetCompiler.VirtualPath = "/localhost_56934"
		Debug.AspNetCompiler.PhysicalPath = "..\..\..\Desktop\SRK Electronics\SRKElectronics\"
		Debug.AspNetCompiler.TargetPath = "PrecompiledWeb\localhost_56934\"
		Debug.AspNetCompiler.Updateable = "true"
		Debug.AspNetCompiler.ForceOverwrite = "true"
		Debug.AspNetCompiler.FixedNames = "false"
		Debug.AspNetCompiler.Debug = "True"
		Release.AspNetCompiler.VirtualPath = "/localhost_56934"
		Release.AspNetCompiler.PhysicalPath = "..\..\..\Desktop\SRK Electronics\SRKElectronics\"
		Release.AspNetCompiler.TargetPath = "PrecompiledWeb\localhost_56934\"
		Release.AspNetCompiler.Updateable = "true"
		Release.AspNetCompiler.ForceOverwrite = "true"
		Release.AspNetCompiler.FixedNames = "false"
		Release.AspNetCompiler.Debug = "False"
		VWDPort = "56934"
	EndProjectSection
EndProject
Global
	GlobalSection(SolutionConfigurationPlatforms) = preSolution
		Debug|Any CPU = Debug|Any CPU
	EndGlobalSection
	GlobalSection(ProjectConfigurationPlatforms) = postSolution
		{4D67E52F-760D-4EC5-A4A6-2B79B2F73E0D}.Debug|Any CPU.ActiveCfg = Debug|Any CPU
		{4D67E52F-760D-4EC5-A4A6-2B79B2F73E0D}.Debug|Any CPU.Build.0 = Debug|Any CPU
	EndGlobalSection
	GlobalSection(SolutionProperties) = preSolution
		HideSolutionNode = FALSE
	EndGlobalSection
	GlobalSection(ExtensibilityGlobals) = postSolution
		SolutionGuid = {C6566371-1715-4541-9371-DEB787B4B683}
	EndGlobalSection
EndGlobal
